# This file is automatically @generated by Cargo.
# It is not intended for manual editing.
version = 3

[[package]]
name = "ahash"
version = "0.7.8"
source = "registry+https://github.com/rust-lang/crates.io-index"
checksum = "891477e0c6a8957309ee5c45a6368af3ae14bb510732d2684ffa19af310920f9"
dependencies = [
 "getrandom",
 "once_cell",
 "version_check",
]

[[package]]
name = "arrayvec"
version = "0.7.4"
source = "registry+https://github.com/rust-lang/crates.io-index"
checksum = "96d30a06541fbafbc7f82ed10c06164cfbd2c401138f6addd8404629c4b16711"

[[package]]
name = "atomic_refcell"
version = "0.1.13"
source = "registry+https://github.com/rust-lang/crates.io-index"
checksum = "41e67cd8309bbd06cd603a9e693a784ac2e5d1e955f11286e355089fcab3047c"

[[package]]
name = "bitflags"
version = "1.3.2"
source = "registry+https://github.com/rust-lang/crates.io-index"
checksum = "bef38d45163c2f1dde094a7dfd33ccf595c92905c8f8f4fdc18d06fb1037718a"

[[package]]
name = "cfg-if"
version = "1.0.0"
source = "registry+https://github.com/rust-lang/crates.io-index"
checksum = "baf1de4339761588bc0619e3cbc0120ee582ebb74b53b4efbf79117bd2da40fd"

[[package]]
name = "crossbeam-deque"
version = "0.8.5"
source = "registry+https://github.com/rust-lang/crates.io-index"
checksum = "613f8cc01fe9cf1a3eb3d7f488fd2fa8388403e97039e2f73692932e291a770d"
dependencies = [
 "crossbeam-epoch",
 "crossbeam-utils",
]

[[package]]
name = "crossbeam-epoch"
version = "0.9.18"
source = "registry+https://github.com/rust-lang/crates.io-index"
checksum = "5b82ac4a3c2ca9c3460964f020e1402edd5753411d7737aa39c3714ad1b5420e"
dependencies = [
 "crossbeam-utils",
]

[[package]]
name = "crossbeam-queue"
version = "0.3.11"
source = "registry+https://github.com/rust-lang/crates.io-index"
checksum = "df0346b5d5e76ac2fe4e327c5fd1118d6be7c51dfb18f9b7922923f287471e35"
dependencies = [
 "crossbeam-utils",
]

[[package]]
name = "crossbeam-utils"
version = "0.8.20"
source = "registry+https://github.com/rust-lang/crates.io-index"
checksum = "22ec99545bb0ed0ea7bb9b8e1e9122ea386ff8a48c0922e43f36d45ab09e0e80"

[[package]]
name = "either"
version = "1.12.0"
source = "registry+https://github.com/rust-lang/crates.io-index"
checksum = "3dca9240753cf90908d7e4aac30f630662b02aebaa1b58a3cadabdb23385b58b"

[[package]]
name = "getrandom"
version = "0.2.15"
source = "registry+https://github.com/rust-lang/crates.io-index"
checksum = "c4567c8db10ae91089c99af84c68c38da3ec2f087c3f82960bcdbf3656b6f4d7"
dependencies = [
 "cfg-if",
 "libc",
 "wasi",
]

[[package]]
name = "hibitset"
version = "0.6.4"
source = "registry+https://github.com/rust-lang/crates.io-index"
checksum = "f3ede5cfa60c958e60330d65163adbc4211e15a2653ad80eb0cce878de120121"
dependencies = [
 "rayon",
]

[[package]]
name = "lazy_static"
version = "1.4.0"
source = "registry+https://github.com/rust-lang/crates.io-index"
checksum = "e2abad23fbc42b3700f2f279844dc832adb2b2eb069b2df918f455c4e18cc646"

[[package]]
name = "libc"
version = "0.2.155"
source = "registry+https://github.com/rust-lang/crates.io-index"
checksum = "97b3888a4aecf77e811145cadf6eef5901f4782c53886191b2f693f24761847c"

[[package]]
name = "log"
version = "0.4.21"
source = "registry+https://github.com/rust-lang/crates.io-index"
checksum = "90ed8c1e510134f979dbc4f070f87d4313098b704861a105fe34231c70a3901c"

[[package]]
name = "macro_rules_attribute"
version = "0.1.3"
source = "registry+https://github.com/rust-lang/crates.io-index"
checksum = "cf0c9b980bf4f3a37fd7b1c066941dd1b1d0152ce6ee6e8fe8c49b9f6810d862"
dependencies = [
 "macro_rules_attribute-proc_macro",
 "paste",
]

[[package]]
name = "macro_rules_attribute-proc_macro"
version = "0.1.3"
source = "registry+https://github.com/rust-lang/crates.io-index"
checksum = "58093314a45e00c77d5c508f76e77c3396afbbc0d01506e7fae47b018bac2b1d"

[[package]]
name = "memchr"
version = "2.7.2"
source = "registry+https://github.com/rust-lang/crates.io-index"
checksum = "6c8640c5d730cb13ebd907d8d04b52f55ac9a2eec55b440c8892f40d56c76c1d"

[[package]]
name = "minimal-lexical"
version = "0.2.1"
source = "registry+https://github.com/rust-lang/crates.io-index"
checksum = "68354c5c6bd36d73ff3feceb05efa59b6acb7626617f4962be322a825e61f79a"

[[package]]
name = "nom"
version = "7.1.3"
source = "registry+https://github.com/rust-lang/crates.io-index"
checksum = "d273983c5a657a70a3e8f2a01329822f3b8c8172b73826411a55751e404a0a4a"
dependencies = [
 "memchr",
 "minimal-lexical",
]

[[package]]
name = "nougat"
version = "0.2.4"
source = "registry+https://github.com/rust-lang/crates.io-index"
checksum = "97b57b9ced431322f054fc673f1d3c7fa52d80efd9df74ad2fc759f044742510"
dependencies = [
 "macro_rules_attribute",
 "nougat-proc_macros",
]

[[package]]
name = "nougat-proc_macros"
version = "0.2.4"
source = "registry+https://github.com/rust-lang/crates.io-index"
checksum = "c84f77a45e99a2f9b492695d99e1c23844619caa5f3e57647cffacad773ca257"
dependencies = [
 "proc-macro2",
 "quote",
 "syn",
]

[[package]]
name = "once_cell"
version = "1.19.0"
source = "registry+https://github.com/rust-lang/crates.io-index"
checksum = "3fdb12b2476b595f9358c5161aa467c2438859caa136dec86c26fdd2efe17b92"

[[package]]
name = "paste"
version = "1.0.15"
source = "registry+https://github.com/rust-lang/crates.io-index"
checksum = "57c0d7b74b563b49d38dae00a0c37d4d6de9b432382b2892f0574ddcae73fd0a"

[[package]]
name = "ppv-lite86"
version = "0.2.17"
source = "registry+https://github.com/rust-lang/crates.io-index"
checksum = "5b40af805b3121feab8a3c29f04d8ad262fa8e0561883e7653e024ae4479e6de"

[[package]]
name = "proc-macro2"
version = "1.0.85"
source = "registry+https://github.com/rust-lang/crates.io-index"
checksum = "22244ce15aa966053a896d1accb3a6e68469b97c7f33f284b99f0d576879fc23"
dependencies = [
 "unicode-ident",
]

[[package]]
name = "quote"
version = "1.0.36"
source = "registry+https://github.com/rust-lang/crates.io-index"
checksum = "0fa76aaf39101c457836aec0ce2316dbdc3ab723cdda1c6bd4e6ad4208acaca7"
dependencies = [
 "proc-macro2",
]

[[package]]
name = "rand"
version = "0.8.5"
source = "registry+https://github.com/rust-lang/crates.io-index"
checksum = "34af8d1a0e25924bc5b7c43c079c942339d8f0a8b57c39049bef581b46327404"
dependencies = [
 "libc",
 "rand_chacha",
 "rand_core",
]

[[package]]
name = "rand_chacha"
version = "0.3.1"
source = "registry+https://github.com/rust-lang/crates.io-index"
checksum = "e6c10a63a0fa32252be49d21e7709d4d4baf8d231c2dbce1eaa8141b9b127d88"
dependencies = [
 "ppv-lite86",
 "rand_core",
]

[[package]]
name = "rand_core"
version = "0.6.4"
source = "registry+https://github.com/rust-lang/crates.io-index"
checksum = "ec0be4795e2f6a28069bec0b5ff3e2ac9bafc99e6a9a7dc3547996c5c816922c"
dependencies = [
 "getrandom",
]

[[package]]
name = "rayon"
version = "1.10.0"
source = "registry+https://github.com/rust-lang/crates.io-index"
checksum = "b418a60154510ca1a002a752ca9714984e21e4241e804d32555251faf8b78ffa"
dependencies = [
 "either",
 "rayon-core",
]

[[package]]
name = "rayon-core"
version = "1.12.1"
source = "registry+https://github.com/rust-lang/crates.io-index"
checksum = "1465873a3dfdaa8ae7cb14b4383657caab0b3e8a0aa9ae8e04b044854c8dfce2"
dependencies = [
 "crossbeam-deque",
 "crossbeam-utils",
]

[[package]]
name = "rust_game"
version = "0.1.0"
dependencies = [
 "rand",
 "sdl2",
 "specs",
 "specs-derive",
]

[[package]]
name = "sdl2"
version = "0.36.0"
source = "registry+https://github.com/rust-lang/crates.io-index"
checksum = "8356b2697d1ead5a34f40bcc3c5d3620205fe0c7be0a14656223bfeec0258891"
dependencies = [
 "bitflags",
 "lazy_static",
 "libc",
 "sdl2-sys",
]

[[package]]
name = "sdl2-sys"
version = "0.36.0"
source = "registry+https://github.com/rust-lang/crates.io-index"
checksum = "26bcacfdd45d539fb5785049feb0038a63931aa896c7763a2a12e125ec58bd29"
dependencies = [
 "cfg-if",
 "libc",
 "version-compare",
]

[[package]]
name = "shred"
version = "0.15.0"
source = "registry+https://github.com/rust-lang/crates.io-index"
checksum = "dc6b2cd1ccb08cf2b25d75c936e0cc9c8cb93c39a83814956da32653236338c0"
dependencies = [
 "ahash",
 "arrayvec",
 "atomic_refcell",
 "rayon",
 "smallvec",
 "tynm",
]

[[package]]
name = "shrev"
version = "1.1.3"
source = "registry+https://github.com/rust-lang/crates.io-index"
checksum = "a5ea33232fdcf1bf691ca33450e5a94dde13e1a8cbb8caabc5e4f9d761e10b1a"

[[package]]
name = "smallvec"
version = "1.13.2"
source = "registry+https://github.com/rust-lang/crates.io-index"
checksum = "3c5e1a9a646d36c3599cd173a41282daf47c44583ad367b8e6837255952e5c67"

[[package]]
name = "specs"
version = "0.20.0"
source = "registry+https://github.com/rust-lang/crates.io-index"
checksum = "a60eabdfd5a80e458c3e7bcc9f1076d6ce3cc8ddb71d69691f00fc0de735a635"
dependencies = [
 "ahash",
 "crossbeam-queue",
 "hibitset",
 "log",
 "nougat",
 "rayon",
 "shred",
 "shrev",
 "tuple_utils",
]

[[package]]
name = "specs-derive"
version = "0.4.1"
source = "registry+https://github.com/rust-lang/crates.io-index"
checksum = "3e23e09360f3d2190fec4222cd9e19d3158d5da948c0d1ea362df617dd103511"
dependencies = [
 "proc-macro2",
 "quote",
 "syn",
]

[[package]]
name = "syn"
version = "1.0.109"
source = "registry+https://github.com/rust-lang/crates.io-index"
checksum = "72b64191b275b66ffe2469e8af2c1cfe3bafa67b529ead792a6d0160888b4237"
dependencies = [
 "proc-macro2",
 "quote",
 "unicode-ident",
]

[[package]]
name = "tuple_utils"
version = "0.4.0"
source = "registry+https://github.com/rust-lang/crates.io-index"
checksum = "cffaaf9392ef73cd30828797152476aaa2fa37a17856934fa63d4843f34290e9"

[[package]]
name = "tynm"
version = "0.1.10"
source = "registry+https://github.com/rust-lang/crates.io-index"
checksum = "bd30d05e69d1478e13fe3e7a853409cfec82cebc2cf9b8d613b3c6b0081781ed"
dependencies = [
 "nom",
]

[[package]]
name = "unicode-ident"
version = "1.0.12"
source = "registry+https://github.com/rust-lang/crates.io-index"
checksum = "3354b9ac3fae1ff6755cb6db53683adb661634f67557942dea4facebec0fee4b"

[[package]]
name = "version-compare"
version = "0.1.1"
source = "registry+https://github.com/rust-lang/crates.io-index"
checksum = "579a42fc0b8e0c63b76519a339be31bed574929511fa53c1a3acae26eb258f29"

[[package]]
name = "version_check"
version = "0.9.4"
source = "registry+https://github.com/rust-lang/crates.io-index"
checksum = "49874b5167b65d7193b8aba1567f5c7d93d001cafc34600cee003eda787e483f"

[[package]]
name = "wasi"
version = "0.11.0+wasi-snapshot-preview1"
source = "registry+https://github.com/rust-lang/crates.io-index"
checksum = "9c8d87e72b64a3b4db28d11ce29237c246188f4f51057d65a7eab63b7987e423"
